<?xml version="1.0" encoding="UTF-8" standalone="yes" ?>
<CodeBlocks_project_file>
   <FileVersion major="1" minor="6" />
   <Project>
      <Option title="graphics_asgn1" />
      <Option makefile_is_custom="1" />
      <Option compiler="gcc" />
      <Option virtualFolders="CMake Files\;CMake Files\src\;" />
      <Build>
      <Target title="all">
         <Option working_dir="/home/anirudh/Documents/Graphics/20161189_Assignment1" />
         <Option type="4" />
         <MakeCommands>
            <Build command="/usr/bin/make -f &quot;/home/anirudh/Documents/Graphics/20161189_Assignment1/Makefile&quot;  VERBOSE=1 all" />
            <CompileFile command="/usr/bin/make -f &quot;/home/anirudh/Documents/Graphics/20161189_Assignment1/Makefile&quot;  VERBOSE=1 &quot;$file&quot;" />
            <Clean command="/usr/bin/make -f &quot;/home/anirudh/Documents/Graphics/20161189_Assignment1/Makefile&quot;  VERBOSE=1 clean" />
            <DistClean command="/usr/bin/make -f &quot;/home/anirudh/Documents/Graphics/20161189_Assignment1/Makefile&quot;  VERBOSE=1 clean" />
         </MakeCommands>
      </Target>
      <Target title="edit_cache">
         <Option working_dir="/home/anirudh/Documents/Graphics/20161189_Assignment1" />
         <Option type="4" />
         <MakeCommands>
            <Build command="/usr/bin/make -f &quot;/home/anirudh/Documents/Graphics/20161189_Assignment1/Makefile&quot;  VERBOSE=1 edit_cache" />
            <CompileFile command="/usr/bin/make -f &quot;/home/anirudh/Documents/Graphics/20161189_Assignment1/Makefile&quot;  VERBOSE=1 &quot;$file&quot;" />
            <Clean command="/usr/bin/make -f &quot;/home/anirudh/Documents/Graphics/20161189_Assignment1/Makefile&quot;  VERBOSE=1 clean" />
            <DistClean command="/usr/bin/make -f &quot;/home/anirudh/Documents/Graphics/20161189_Assignment1/Makefile&quot;  VERBOSE=1 clean" />
         </MakeCommands>
      </Target>
      <Target title="rebuild_cache">
         <Option working_dir="/home/anirudh/Documents/Graphics/20161189_Assignment1" />
         <Option type="4" />
         <MakeCommands>
            <Build command="/usr/bin/make -f &quot;/home/anirudh/Documents/Graphics/20161189_Assignment1/Makefile&quot;  VERBOSE=1 rebuild_cache" />
            <CompileFile command="/usr/bin/make -f &quot;/home/anirudh/Documents/Graphics/20161189_Assignment1/Makefile&quot;  VERBOSE=1 &quot;$file&quot;" />
            <Clean command="/usr/bin/make -f &quot;/home/anirudh/Documents/Graphics/20161189_Assignment1/Makefile&quot;  VERBOSE=1 clean" />
            <DistClean command="/usr/bin/make -f &quot;/home/anirudh/Documents/Graphics/20161189_Assignment1/Makefile&quot;  VERBOSE=1 clean" />
         </MakeCommands>
      </Target>
      <Target title="graphics_asgn1">
         <Option output="/home/anirudh/Documents/Graphics/20161189_Assignment1/graphics_asgn1" prefix_auto="0" extension_auto="0" />
         <Option working_dir="/home/anirudh/Documents/Graphics/20161189_Assignment1" />
         <Option object_output="./" />
         <Option type="1" />
         <Option compiler="gcc" />
         <Compiler>
            <Add directory="/usr/include/libdrm" />
         </Compiler>
         <MakeCommands>
            <Build command="/usr/bin/make -f &quot;/home/anirudh/Documents/Graphics/20161189_Assignment1/Makefile&quot;  VERBOSE=1 graphics_asgn1" />
            <CompileFile command="/usr/bin/make -f &quot;/home/anirudh/Documents/Graphics/20161189_Assignment1/Makefile&quot;  VERBOSE=1 &quot;$file&quot;" />
            <Clean command="/usr/bin/make -f &quot;/home/anirudh/Documents/Graphics/20161189_Assignment1/Makefile&quot;  VERBOSE=1 clean" />
            <DistClean command="/usr/bin/make -f &quot;/home/anirudh/Documents/Graphics/20161189_Assignment1/Makefile&quot;  VERBOSE=1 clean" />
         </MakeCommands>
      </Target>
      <Target title="graphics_asgn1/fast">
         <Option output="/home/anirudh/Documents/Graphics/20161189_Assignment1/graphics_asgn1" prefix_auto="0" extension_auto="0" />
         <Option working_dir="/home/anirudh/Documents/Graphics/20161189_Assignment1" />
         <Option object_output="./" />
         <Option type="1" />
         <Option compiler="gcc" />
         <Compiler>
            <Add directory="/usr/include/libdrm" />
         </Compiler>
         <MakeCommands>
            <Build command="/usr/bin/make -f &quot;/home/anirudh/Documents/Graphics/20161189_Assignment1/Makefile&quot;  VERBOSE=1 graphics_asgn1/fast" />
            <CompileFile command="/usr/bin/make -f &quot;/home/anirudh/Documents/Graphics/20161189_Assignment1/Makefile&quot;  VERBOSE=1 &quot;$file&quot;" />
            <Clean command="/usr/bin/make -f &quot;/home/anirudh/Documents/Graphics/20161189_Assignment1/Makefile&quot;  VERBOSE=1 clean" />
            <DistClean command="/usr/bin/make -f &quot;/home/anirudh/Documents/Graphics/20161189_Assignment1/Makefile&quot;  VERBOSE=1 clean" />
         </MakeCommands>
      </Target>
      </Build>
      <Unit filename="/home/anirudh/Documents/Graphics/20161189_Assignment1/src/ball.cpp">
         <Option target="graphics_asgn1"/>
      </Unit>
      <Unit filename="/home/anirudh/Documents/Graphics/20161189_Assignment1/src/ball.h">
         <Option target="graphics_asgn1"/>
      </Unit>
      <Unit filename="/home/anirudh/Documents/Graphics/20161189_Assignment1/src/color.cpp">
         <Option target="graphics_asgn1"/>
      </Unit>
      <Unit filename="/home/anirudh/Documents/Graphics/20161189_Assignment1/src/floor.cpp">
         <Option target="graphics_asgn1"/>
      </Unit>
      <Unit filename="/home/anirudh/Documents/Graphics/20161189_Assignment1/src/floor.h">
         <Option target="graphics_asgn1"/>
      </Unit>
      <Unit filename="/home/anirudh/Documents/Graphics/20161189_Assignment1/src/input.cpp">
         <Option target="graphics_asgn1"/>
      </Unit>
      <Unit filename="/home/anirudh/Documents/Graphics/20161189_Assignment1/src/magnet.cpp">
         <Option target="graphics_asgn1"/>
      </Unit>
      <Unit filename="/home/anirudh/Documents/Graphics/20161189_Assignment1/src/magnet.h">
         <Option target="graphics_asgn1"/>
      </Unit>
      <Unit filename="/home/anirudh/Documents/Graphics/20161189_Assignment1/src/main.cpp">
         <Option target="graphics_asgn1"/>
      </Unit>
      <Unit filename="/home/anirudh/Documents/Graphics/20161189_Assignment1/src/main.h">
         <Option target="graphics_asgn1"/>
      </Unit>
      <Unit filename="/home/anirudh/Documents/Graphics/20161189_Assignment1/src/nonedit.cpp">
         <Option target="graphics_asgn1"/>
      </Unit>
      <Unit filename="/home/anirudh/Documents/Graphics/20161189_Assignment1/src/other_handlers.cpp">
         <Option target="graphics_asgn1"/>
      </Unit>
      <Unit filename="/home/anirudh/Documents/Graphics/20161189_Assignment1/src/pole.cpp">
         <Option target="graphics_asgn1"/>
      </Unit>
      <Unit filename="/home/anirudh/Documents/Graphics/20161189_Assignment1/src/pole.h">
         <Option target="graphics_asgn1"/>
      </Unit>
      <Unit filename="/home/anirudh/Documents/Graphics/20161189_Assignment1/src/spikes.cpp">
         <Option target="graphics_asgn1"/>
      </Unit>
      <Unit filename="/home/anirudh/Documents/Graphics/20161189_Assignment1/src/spikes.h">
         <Option target="graphics_asgn1"/>
      </Unit>
      <Unit filename="/home/anirudh/Documents/Graphics/20161189_Assignment1/src/timer.cpp">
         <Option target="graphics_asgn1"/>
      </Unit>
      <Unit filename="/home/anirudh/Documents/Graphics/20161189_Assignment1/src/timer.h">
         <Option target="graphics_asgn1"/>
      </Unit>
      <Unit filename="/home/anirudh/Documents/Graphics/20161189_Assignment1/src/trampoline.cpp">
         <Option target="graphics_asgn1"/>
      </Unit>
      <Unit filename="/home/anirudh/Documents/Graphics/20161189_Assignment1/src/trampoline.h">
         <Option target="graphics_asgn1"/>
      </Unit>
      <Unit filename="/home/anirudh/Documents/Graphics/20161189_Assignment1/src/water.cpp">
         <Option target="graphics_asgn1"/>
      </Unit>
      <Unit filename="/home/anirudh/Documents/Graphics/20161189_Assignment1/src/water.h">
         <Option target="graphics_asgn1"/>
      </Unit>
      <Unit filename="/home/anirudh/Documents/Graphics/20161189_Assignment1/CMakeLists.txt">
          <Option virtualFolder="CMake Files\" />
      </Unit>
      <Unit filename="/home/anirudh/Documents/Graphics/20161189_Assignment1/src/Sample_GL.vert">
          <Option virtualFolder="CMake Files\src\" />
      </Unit>
      <Unit filename="/home/anirudh/Documents/Graphics/20161189_Assignment1/src/Sample_GL.frag">
          <Option virtualFolder="CMake Files\src\" />
      </Unit>
   </Project>
</CodeBlocks_project_file>
